
Microsoft Visual Studio Solution File, Format Version 11.00
# Visual Studio 2010
Project("{FAE04EC0-301F-11D3-BF4B-00C04F79EFBC}") = "CardBroad", "Assembly-CSharp.csproj", "{726C2757-ED81-619F-204E-A21F8FF24E4B}"
EndProject
Project("{FAE04EC0-301F-11D3-BF4B-00C04F79EFBC}") = "CardBroad", "Assembly-CSharp-Editor.csproj", "{1C6A96AF-25C5-C0F7-4786-76479968AB8F}"
EndProject
Global
	GlobalSection(SolutionConfigurationPlatforms) = preSolution
		Debug|Any CPU = Debug|Any CPU
		Release|Any CPU = Release|Any CPU
	EndGlobalSection
	GlobalSection(ProjectConfigurationPlatforms) = postSolution
		{726C2757-ED81-619F-204E-A21F8FF24E4B}.Debug|Any CPU.ActiveCfg = Debug|Any CPU
		{726C2757-ED81-619F-204E-A21F8FF24E4B}.Debug|Any CPU.Build.0 = Debug|Any CPU
		{726C2757-ED81-619F-204E-A21F8FF24E4B}.Release|Any CPU.ActiveCfg = Release|Any CPU
		{726C2757-ED81-619F-204E-A21F8FF24E4B}.Release|Any CPU.Build.0 = Release|Any CPU
		{1C6A96AF-25C5-C0F7-4786-76479968AB8F}.Debug|Any CPU.ActiveCfg = Debug|Any CPU
		{1C6A96AF-25C5-C0F7-4786-76479968AB8F}.Debug|Any CPU.Build.0 = Debug|Any CPU
		{1C6A96AF-25C5-C0F7-4786-76479968AB8F}.Release|Any CPU.ActiveCfg = Release|Any CPU
		{1C6A96AF-25C5-C0F7-4786-76479968AB8F}.Release|Any CPU.Build.0 = Release|Any CPU
	EndGlobalSection
	GlobalSection(SolutionProperties) = preSolution
		HideSolutionNode = FALSE
	EndGlobalSection
	GlobalSection(MonoDevelopProperties) = preSolution
		StartupItem = Assembly-CSharp.csproj
	EndGlobalSection
EndGlobal
